
Microsoft Visual Studio Solution File, Format Version 12.00
# Visual Studio 2013
VisualStudioVersion = 12.0.40629.0
MinimumVisualStudioVersion = 10.0.40219.1
Project("{FAE04EC0-301F-11D3-BF4B-00C04F79EFBC}") = "FixedPriceCarService.Membership.Web", "FixedPriceCarService.Membership.Web\FixedPriceCarService.Membership.Web.csproj", "{93E8D947-0E07-4259-BB82-D4AAD1327918}"
EndProject
Project("{FAE04EC0-301F-11D3-BF4B-00C04F79EFBC}") = "FixedPriceCarService.Membership.Core", "FixedPriceCarService.Membership.Core\FixedPriceCarService.Membership.Core.csproj", "{14730096-1072-42C2-9C34-87B5A9791270}"
EndProject
Project("{FAE04EC0-301F-11D3-BF4B-00C04F79EFBC}") = "FixedPriceCarService.Membership.Infrastructure", "FixedPriceCarService.Membership.Infrastructure\FixedPriceCarService.Membership.Infrastructure.csproj", "{98D3373B-23F4-41FC-A447-ECC47DD1BECB}"
EndProject
Global
	GlobalSection(SolutionConfigurationPlatforms) = preSolution
		Debug|Any CPU = Debug|Any CPU
		Release|Any CPU = Release|Any CPU
	EndGlobalSection
	GlobalSection(ProjectConfigurationPlatforms) = postSolution
		{93E8D947-0E07-4259-BB82-D4AAD1327918}.Debug|Any CPU.ActiveCfg = Debug|Any CPU
		{93E8D947-0E07-4259-BB82-D4AAD1327918}.Debug|Any CPU.Build.0 = Debug|Any CPU
		{93E8D947-0E07-4259-BB82-D4AAD1327918}.Release|Any CPU.ActiveCfg = Release|Any CPU
		{93E8D947-0E07-4259-BB82-D4AAD1327918}.Release|Any CPU.Build.0 = Release|Any CPU
		{14730096-1072-42C2-9C34-87B5A9791270}.Debug|Any CPU.ActiveCfg = Debug|Any CPU
		{14730096-1072-42C2-9C34-87B5A9791270}.Debug|Any CPU.Build.0 = Debug|Any CPU
		{14730096-1072-42C2-9C34-87B5A9791270}.Release|Any CPU.ActiveCfg = Release|Any CPU
		{14730096-1072-42C2-9C34-87B5A9791270}.Release|Any CPU.Build.0 = Release|Any CPU
		{98D3373B-23F4-41FC-A447-ECC47DD1BECB}.Debug|Any CPU.ActiveCfg = Debug|Any CPU
		{98D3373B-23F4-41FC-A447-ECC47DD1BECB}.Debug|Any CPU.Build.0 = Debug|Any CPU
		{98D3373B-23F4-41FC-A447-ECC47DD1BECB}.Release|Any CPU.ActiveCfg = Release|Any CPU
		{98D3373B-23F4-41FC-A447-ECC47DD1BECB}.Release|Any CPU.Build.0 = Release|Any CPU
	EndGlobalSection
	GlobalSection(SolutionProperties) = preSolution
		HideSolutionNode = FALSE
	EndGlobalSection
EndGlobal
